
Microsoft Visual Studio Solution File, Format Version 12.00
# Visual Studio Version 17
VisualStudioVersion = 17.6.33723.286
MinimumVisualStudioVersion = 10.0.40219.1
Project("{FAE04EC0-301F-11D3-BF4B-00C04F79EFBC}") = "Lab16", "Lab16\Lab16.csproj", "{A7A55038-9088-422A-A561-279510AB51CC}"
EndProject
Global
	GlobalSection(SolutionConfigurationPlatforms) = preSolution
		Debug|Any CPU = Debug|Any CPU
		Release|Any CPU = Release|Any CPU
	EndGlobalSection
	GlobalSection(ProjectConfigurationPlatforms) = postSolution
		{A7A55038-9088-422A-A561-279510AB51CC}.Debug|Any CPU.ActiveCfg = Debug|Any CPU
		{A7A55038-9088-422A-A561-279510AB51CC}.Debug|Any CPU.Build.0 = Debug|Any CPU
		{A7A55038-9088-422A-A561-279510AB51CC}.Release|Any CPU.ActiveCfg = Release|Any CPU
		{A7A55038-9088-422A-A561-279510AB51CC}.Release|Any CPU.Build.0 = Release|Any CPU
	EndGlobalSection
	GlobalSection(SolutionProperties) = preSolution
		HideSolutionNode = FALSE
	EndGlobalSection
	GlobalSection(ExtensibilityGlobals) = postSolution
		SolutionGuid = {D94A5C45-2BE3-4373-9164-742B1838D980}
	EndGlobalSection
EndGlobal
