
Microsoft Visual Studio Solution File, Format Version 12.00
# Visual Studio Version 17
VisualStudioVersion = 17.6.33723.286
MinimumVisualStudioVersion = 10.0.40219.1
Project("{FAE04EC0-301F-11D3-BF4B-00C04F79EFBC}") = "Lab 12.3", "Lab 12.3\Lab 12.3.csproj", "{059CA02A-6609-49D1-894F-F6EF21616DC5}"
EndProject
Global
	GlobalSection(SolutionConfigurationPlatforms) = preSolution
		Debug|Any CPU = Debug|Any CPU
		Release|Any CPU = Release|Any CPU
	EndGlobalSection
	GlobalSection(ProjectConfigurationPlatforms) = postSolution
		{059CA02A-6609-49D1-894F-F6EF21616DC5}.Debug|Any CPU.ActiveCfg = Debug|Any CPU
		{059CA02A-6609-49D1-894F-F6EF21616DC5}.Debug|Any CPU.Build.0 = Debug|Any CPU
		{059CA02A-6609-49D1-894F-F6EF21616DC5}.Release|Any CPU.ActiveCfg = Release|Any CPU
		{059CA02A-6609-49D1-894F-F6EF21616DC5}.Release|Any CPU.Build.0 = Release|Any CPU
	EndGlobalSection
	GlobalSection(SolutionProperties) = preSolution
		HideSolutionNode = FALSE
	EndGlobalSection
	GlobalSection(ExtensibilityGlobals) = postSolution
		SolutionGuid = {17C46144-4BDA-45E5-B14F-BFA8AFC20896}
	EndGlobalSection
EndGlobal
