
Microsoft Visual Studio Solution File, Format Version 12.00
# Visual Studio Version 17
VisualStudioVersion = 17.6.33723.286
MinimumVisualStudioVersion = 10.0.40219.1
Project("{FAE04EC0-301F-11D3-BF4B-00C04F79EFBC}") = "Lab12", "Lab12\Lab12.csproj", "{CAA7C878-E1A0-4A34-9BB0-09327C4AE7CD}"
EndProject
Global
	GlobalSection(SolutionConfigurationPlatforms) = preSolution
		Debug|Any CPU = Debug|Any CPU
		Release|Any CPU = Release|Any CPU
	EndGlobalSection
	GlobalSection(ProjectConfigurationPlatforms) = postSolution
		{CAA7C878-E1A0-4A34-9BB0-09327C4AE7CD}.Debug|Any CPU.ActiveCfg = Debug|Any CPU
		{CAA7C878-E1A0-4A34-9BB0-09327C4AE7CD}.Debug|Any CPU.Build.0 = Debug|Any CPU
		{CAA7C878-E1A0-4A34-9BB0-09327C4AE7CD}.Release|Any CPU.ActiveCfg = Release|Any CPU
		{CAA7C878-E1A0-4A34-9BB0-09327C4AE7CD}.Release|Any CPU.Build.0 = Release|Any CPU
	EndGlobalSection
	GlobalSection(SolutionProperties) = preSolution
		HideSolutionNode = FALSE
	EndGlobalSection
	GlobalSection(ExtensibilityGlobals) = postSolution
		SolutionGuid = {ED4C6F37-F87E-4AC2-B4BF-EC37E57A8C51}
	EndGlobalSection
EndGlobal
