
Microsoft Visual Studio Solution File, Format Version 12.00
# Visual Studio Version 17
VisualStudioVersion = 17.6.33723.286
MinimumVisualStudioVersion = 10.0.40219.1
Project("{FAE04EC0-301F-11D3-BF4B-00C04F79EFBC}") = "Lab13.4", "Lab13.4\Lab13.4.csproj", "{675BB9BA-1C47-4A6B-8590-AAB72893ABF8}"
EndProject
Global
	GlobalSection(SolutionConfigurationPlatforms) = preSolution
		Debug|Any CPU = Debug|Any CPU
		Release|Any CPU = Release|Any CPU
	EndGlobalSection
	GlobalSection(ProjectConfigurationPlatforms) = postSolution
		{675BB9BA-1C47-4A6B-8590-AAB72893ABF8}.Debug|Any CPU.ActiveCfg = Debug|Any CPU
		{675BB9BA-1C47-4A6B-8590-AAB72893ABF8}.Debug|Any CPU.Build.0 = Debug|Any CPU
		{675BB9BA-1C47-4A6B-8590-AAB72893ABF8}.Release|Any CPU.ActiveCfg = Release|Any CPU
		{675BB9BA-1C47-4A6B-8590-AAB72893ABF8}.Release|Any CPU.Build.0 = Release|Any CPU
	EndGlobalSection
	GlobalSection(SolutionProperties) = preSolution
		HideSolutionNode = FALSE
	EndGlobalSection
	GlobalSection(ExtensibilityGlobals) = postSolution
		SolutionGuid = {EBABFAFA-1FF7-4FAE-BB2D-563A447C3A6C}
	EndGlobalSection
EndGlobal
